// !$*UTF8*$!
{
	archiveVersion = 1;
	classes = {
	};
	objectVersion = 46;
	objects = {

/* Begin PBXBuildFile section */
		817AC2CB1EC0A59C008A7B44 /* main.swift in Sources */ = {isa = PBXBuildFile; fileRef = 817AC2CA1EC0A59C008A7B44 /* main.swift */; };
/* End PBXBuildFile section */

/* Begin PBXCopyFilesBuildPhase section */
		817AC2C51EC0A59C008A7B44 /* CopyFiles */ = {
			isa = PBXCopyFilesBuildPhase;
			buildActionMask = 2147483647;
			dstPath = /usr/share/man/man1/;
			dstSubfolderSpec = 0;
			files = (
			);
			runOnlyForDeploymentPostprocessing = 1;
		};
/* End PBXCopyFilesBuildPhase section */

/* Begin PBXFileReference section */
		817AC2C71EC0A59C008A7B44 /* ExamTemplate */ = {isa = PBXFileReference; explicitFileType = "compiled.mach-o.executable"; includeInIndex = 0; path = ExamTemplate; sourceTree = BUILT_PRODUCTS_DIR; };
		817AC2CA1EC0A59C008A7B44 /* main.swift */ = {isa = PBXFileReference; lastKnownFileType = sourcecode.swift; path = main.swift; sourceTree = "<group>"; };
		817AC2D21EC0A60B008A7B44 /* A Warmup - 1 - Triangle Times - Algorithm.docx */ = {isa = PBXFileReference; lastKnownFileType = file; path = "A Warmup - 1 - Triangle Times - Algorithm.docx"; sourceTree = "<group>"; };
		817AC2D31EC0A60B008A7B44 /* A Warmup - 1 - Triangle Times - Test Plan.docx */ = {isa = PBXFileReference; lastKnownFileType = file; path = "A Warmup - 1 - Triangle Times - Test Plan.docx"; sourceTree = "<group>"; };
		817AC2D41EC0A60B008A7B44 /* A Warmup - 1 - Triangle Times.pdf */ = {isa = PBXFileReference; lastKnownFileType = image.pdf; path = "A Warmup - 1 - Triangle Times.pdf"; sourceTree = "<group>"; };
/* End PBXFileReference section */

/* Begin PBXFrameworksBuildPhase section */
		817AC2C41EC0A59C008A7B44 /* Frameworks */ = {
			isa = PBXFrameworksBuildPhase;
			buildActionMask = 2147483647;
			files = (
			);
			runOnlyForDeploymentPostprocessing = 0;
		};
/* End PBXFrameworksBuildPhase section */

/* Begin PBXGroup section */
		817AC2BE1EC0A59C008A7B44 = {
			isa = PBXGroup;
			children = (
				817AC2D11EC0A5F9008A7B44 /* Documents */,
				817AC2C91EC0A59C008A7B44 /* ExamTemplate */,
				817AC2C81EC0A59C008A7B44 /* Products */,
			);
			sourceTree = "<group>";
		};
		817AC2C81EC0A59C008A7B44 /* Products */ = {
			isa = PBXGroup;
			children = (
				817AC2C71EC0A59C008A7B44 /* ExamTemplate */,
			);
			name = Products;
			sourceTree = "<group>";
		};
		817AC2C91EC0A59C008A7B44 /* ExamTemplate */ = {
			isa = PBXGroup;
			children = (
				817AC2CA1EC0A59C008A7B44 /* main.swift */,
			);
			path = ExamTemplate;
			sourceTree = "<group>";
		};
		817AC2D11EC0A5F9008A7B44 /* Documents */ = {
			isa = PBXGroup;
			children = (
				817AC2D21EC0A60B008A7B44 /* A Warmup - 1 - Triangle Times - Algorithm.docx */,
				817AC2D31EC0A60B008A7B44 /* A Warmup - 1 - Triangle Times - Test Plan.docx */,
				817AC2D41EC0A60B008A7B44 /* A Warmup - 1 - Triangle Times.pdf */,
			);
			name = Documents;
			sourceTree = "<group>";
		};
/* End PBXGroup section */

/* Begin PBXNativeTarget section */
		817AC2C61EC0A59C008A7B44 /* ExamTemplate */ = {
			isa = PBXNativeTarget;
			buildConfigurationList = 817AC2CE1EC0A59C008A7B44 /* Build configuration list for PBXNativeTarget "ExamTemplate" */;
			buildPhases = (
				817AC2C31EC0A59C008A7B44 /* Sources */,
				817AC2C41EC0A59C008A7B44 /* Frameworks */,
				817AC2C51EC0A59C008A7B44 /* CopyFiles */,
			);
			buildRules = (
			);
			dependencies = (
			);
			name = ExamTemplate;
			productName = ExamTemplate;
			productReference = 817AC2C71EC0A59C008A7B44 /* ExamTemplate */;
			productType = "com.apple.product-type.tool";
		};
/* End PBXNativeTarget section */

/* Begin PBXProject section */
		817AC2BF1EC0A59C008A7B44 /* Project object */ = {
			isa = PBXProject;
			attributes = {
				LastSwiftUpdateCheck = 0830;
				LastUpgradeCheck = 0830;
				ORGANIZATIONNAME = "Russell Gordon";
				TargetAttributes = {
					817AC2C61EC0A59C008A7B44 = {
						CreatedOnToolsVersion = 8.3.2;
						DevelopmentTeam = U2ZN2W2UQJ;
						ProvisioningStyle = Automatic;
					};
				};
			};
			buildConfigurationList = 817AC2C21EC0A59C008A7B44 /* Build configuration list for PBXProject "ExamTemplate" */;
			compatibilityVersion = "Xcode 3.2";
			developmentRegion = English;
			hasScannedForEncodings = 0;
			knownRegions = (
				en,
			);
			mainGroup = 817AC2BE1EC0A59C008A7B44;
			productRefGroup = 817AC2C81EC0A59C008A7B44 /* Products */;
			projectDirPath = "";
			projectRoot = "";
			targets = (
				817AC2C61EC0A59C008A7B44 /* ExamTemplate */,
			);
		};
/* End PBXProject section */

/* Begin PBXSourcesBuildPhase section */
		817AC2C31EC0A59C008A7B44 /* Sources */ = {
			isa = PBXSourcesBuildPhase;
			buildActionMask = 2147483647;
			files = (
				817AC2CB1EC0A59C008A7B44 /* main.swift in Sources */,
			);
			runOnlyForDeploymentPostprocessing = 0;
		};
/* End PBXSourcesBuildPhase section */

/* Begin XCBuildConfiguration section */
		817AC2CC1EC0A59C008A7B44 /* Debug */ = {
			isa = XCBuildConfiguration;
			buildSettings = {
				ALWAYS_SEARCH_USER_PATHS = NO;
				CLANG_ANALYZER_NONNULL = YES;
				CLANG_ANALYZER_NUMBER_OBJECT_CONVERSION = YES_AGGRESSIVE;
				CLANG_CXX_LANGUAGE_STANDARD = "gnu++0x";
				CLANG_CXX_LIBRARY = "libc++";
				CLANG_ENABLE_MODULES = YES;
				CLANG_ENABLE_OBJC_ARC = YES;
				CLANG_WARN_BOOL_CONVERSION = YES;
				CLANG_WARN_CONSTANT_CONVERSION = YES;
				CLANG_WARN_DIRECT_OBJC_ISA_USAGE = YES_ERROR;
				CLANG_WARN_DOCUMENTATION_COMMENTS = YES;
				CLANG_WARN_EMPTY_BODY = YES;
				CLANG_WARN_ENUM_CONVERSION = YES;
				CLANG_WARN_INFINITE_RECURSION = YES;
				CLANG_WARN_INT_CONVERSION = YES;
				CLANG_WARN_OBJC_ROOT_CLASS = YES_ERROR;
				CLANG_WARN_SUSPICIOUS_MOVE = YES;
				CLANG_WARN_UNREACHABLE_CODE = YES;
				CLANG_WARN__DUPLICATE_METHOD_MATCH = YES;
				CODE_SIGN_IDENTITY = "-";
				COPY_PHASE_STRIP = NO;
				DEBUG_INFORMATION_FORMAT = dwarf;
				ENABLE_STRICT_OBJC_MSGSEND = YES;
				ENABLE_TESTABILITY = YES;
				GCC_C_LANGUAGE_STANDARD = gnu99;
				GCC_DYNAMIC_NO_PIC = NO;
				GCC_NO_COMMON_BLOCKS = YES;
				GCC_OPTIMIZATION_LEVEL = 0;
				GCC_PREPROCESSOR_DEFINITIONS = (
					"DEBUG=1",
					"$(inherited)",
				);
				GCC_WARN_64_TO_32_BIT_CONVERSION = YES;
				GCC_WARN_ABOUT_RETURN_TYPE = YES_ERROR;
				GCC_WARN_UNDECLARED_SELECTOR = YES;
				GCC_WARN_UNINITIALIZED_AUTOS = YES_AGGRESSIVE;
				GCC_WARN_UNUSED_FUNCTION = YES;
				GCC_WARN_UNUSED_VARIABLE = YES;
				MACOSX_DEPLOYMENT_TARGET = 10.12;
				MTL_ENABLE_DEBUG_INFO = YES;
				ONLY_ACTIVE_ARCH = YES;
				SDKROOT = macosx;
				SWIFT_OPTIMIZATION_LEVEL = "-Onone";
			};
			name = Debug;
		};
		817AC2CD1EC0A59C008A7B44 /* Release */ = {
			isa = XCBuildConfiguration;
			buildSettings = {
				ALWAYS_SEARCH_USER_PATHS = NO;
				CLANG_ANALYZER_NONNULL = YES;
				CLANG_ANALYZER_NUMBER_OBJECT_CONVERSION = YES_AGGRESSIVE;
				CLANG_CXX_LANGUAGE_STANDARD = "gnu++0x";
				CLANG_CXX_LIBRARY = "libc++";
				CLANG_ENABLE_MODULES = YES;
				CLANG_ENABLE_OBJC_ARC = YES;
				CLANG_WARN_BOOL_CONVERSION = YES;
				CLANG_WARN_CONSTANT_CONVERSION = YES;
				CLANG_WARN_DIRECT_OBJC_ISA_USAGE = YES_ERROR;
				CLANG_WARN_DOCUMENTATION_COMMENTS = YES;
				CLANG_WARN_EMPTY_BODY = YES;
				CLANG_WARN_ENUM_CONVERSION = YES;
				CLANG_WARN_INFINITE_RECURSION = YES;
				CLANG_WARN_INT_CONVERSION = YES;
				CLANG_WARN_OBJC_ROOT_CLASS = YES_ERROR;
				CLANG_WARN_SUSPICIOUS_MOVE = YES;
				CLANG_WARN_UNREACHABLE_CODE = YES;
				CLANG_WARN__DUPLICATE_METHOD_MATCH = YES;
				CODE_SIGN_IDENTITY = "-";
				COPY_PHASE_STRIP = NO;
				DEBUG_INFORMATION_FORMAT = "dwarf-with-dsym";
				ENABLE_NS_ASSERTIONS = NO;
				ENABLE_STRICT_OBJC_MSGSEND = YES;
				GCC_C_LANGUAGE_STANDARD = gnu99;
				GCC_NO_COMMON_BLOCKS = YES;
				GCC_WARN_64_TO_32_BIT_CONVERSION = YES;
				GCC_WARN_ABOUT_RETURN_TYPE = YES_ERROR;
				GCC_WARN_UNDECLARED_SELECTOR = YES;
				GCC_WARN_UNINITIALIZED_AUTOS = YES_AGGRESSIVE;
				GCC_WARN_UNUSED_FUNCTION = YES;
				GCC_WARN_UNUSED_VARIABLE = YES;
				MACOSX_DEPLOYMENT_TARGET = 10.12;
				MTL_ENABLE_DEBUG_INFO = NO;
				SDKROOT = macosx;
			};
			name = Release;
		};
		817AC2CF1EC0A59C008A7B44 /* Debug */ = {
			isa = XCBuildConfiguration;
			buildSettings = {
				DEVELOPMENT_TEAM = U2ZN2W2UQJ;
				MACOSX_DEPLOYMENT_TARGET = 10.11;
				PRODUCT_NAME = "$(TARGET_NAME)";
				SWIFT_VERSION = 3.0;
			};
			name = Debug;
		};
		817AC2D01EC0A59C008A7B44 /* Release */ = {
			isa = XCBuildConfiguration;
			buildSettings = {
				DEVELOPMENT_TEAM = U2ZN2W2UQJ;
				MACOSX_DEPLOYMENT_TARGET = 10.11;
				PRODUCT_NAME = "$(TARGET_NAME)";
				SWIFT_VERSION = 3.0;
			};
			name = Release;
		};
/* End XCBuildConfiguration section */

/* Begin XCConfigurationList section */
		817AC2C21EC0A59C008A7B44 /* Build configuration list for PBXProject "ExamTemplate" */ = {
			isa = XCConfigurationList;
			buildConfigurations = (
				817AC2CC1EC0A59C008A7B44 /* Debug */,
				817AC2CD1EC0A59C008A7B44 /* Release */,
			);
			defaultConfigurationIsVisible = 0;
			defaultConfigurationName = Release;
		};
		817AC2CE1EC0A59C008A7B44 /* Build configuration list for PBXNativeTarget "ExamTemplate" */ = {
			isa = XCConfigurationList;
			buildConfigurations = (
				817AC2CF1EC0A59C008A7B44 /* Debug */,
				817AC2D01EC0A59C008A7B44 /* Release */,
			);
			defaultConfigurationIsVisible = 0;
		};
/* End XCConfigurationList section */
	};
	rootObject = 817AC2BF1EC0A59C008A7B44 /* Project object */;
}
